
Microsoft Visual Studio Solution File, Format Version 12.00
# Visual Studio Version 17
VisualStudioVersion = 17.3.32811.315
MinimumVisualStudioVersion = 10.0.40219.1
Project("{2150E333-8FDC-42A3-9474-1A3956D46DE8}") = "Learn 1", "Learn 1", "{C0C3884F-F1BD-407C-8667-FDD6EBDF0439}"
EndProject
Project("{9A19103F-16F7-4668-BE54-9A1E7A4F7556}") = "Api", "Learn_0100\Api\Api.csproj", "{0007F956-5059-4D7B-A0BC-3ABBDAAEAE87}"
EndProject
Project("{2150E333-8FDC-42A3-9474-1A3956D46DE8}") = "Learn 2", "Learn 2", "{B98D882B-FC52-4A67-A4D1-A742F5F041C2}"
EndProject
Project("{9A19103F-16F7-4668-BE54-9A1E7A4F7556}") = "Api", "Learn_0200\Api\Api.csproj", "{E2725A03-2809-481E-AD2D-EB889F4E95E7}"
EndProject
Project("{2150E333-8FDC-42A3-9474-1A3956D46DE8}") = "Learn 3", "Learn 3", "{90F9DF99-AE1D-4D41-982E-0A6E0ADFCEEA}"
EndProject
Project("{9A19103F-16F7-4668-BE54-9A1E7A4F7556}") = "Api", "Learn_0300\Api\Api.csproj", "{51EB0485-4A48-4A04-96EE-D4133F632FF4}"
EndProject
Global
	GlobalSection(SolutionConfigurationPlatforms) = preSolution
		Debug|Any CPU = Debug|Any CPU
		Release|Any CPU = Release|Any CPU
	EndGlobalSection
	GlobalSection(ProjectConfigurationPlatforms) = postSolution
		{0007F956-5059-4D7B-A0BC-3ABBDAAEAE87}.Debug|Any CPU.ActiveCfg = Debug|Any CPU
		{0007F956-5059-4D7B-A0BC-3ABBDAAEAE87}.Debug|Any CPU.Build.0 = Debug|Any CPU
		{0007F956-5059-4D7B-A0BC-3ABBDAAEAE87}.Release|Any CPU.ActiveCfg = Release|Any CPU
		{0007F956-5059-4D7B-A0BC-3ABBDAAEAE87}.Release|Any CPU.Build.0 = Release|Any CPU
		{E2725A03-2809-481E-AD2D-EB889F4E95E7}.Debug|Any CPU.ActiveCfg = Debug|Any CPU
		{E2725A03-2809-481E-AD2D-EB889F4E95E7}.Debug|Any CPU.Build.0 = Debug|Any CPU
		{E2725A03-2809-481E-AD2D-EB889F4E95E7}.Release|Any CPU.ActiveCfg = Release|Any CPU
		{E2725A03-2809-481E-AD2D-EB889F4E95E7}.Release|Any CPU.Build.0 = Release|Any CPU
		{51EB0485-4A48-4A04-96EE-D4133F632FF4}.Debug|Any CPU.ActiveCfg = Debug|Any CPU
		{51EB0485-4A48-4A04-96EE-D4133F632FF4}.Debug|Any CPU.Build.0 = Debug|Any CPU
		{51EB0485-4A48-4A04-96EE-D4133F632FF4}.Release|Any CPU.ActiveCfg = Release|Any CPU
		{51EB0485-4A48-4A04-96EE-D4133F632FF4}.Release|Any CPU.Build.0 = Release|Any CPU
	EndGlobalSection
	GlobalSection(SolutionProperties) = preSolution
		HideSolutionNode = FALSE
	EndGlobalSection
	GlobalSection(NestedProjects) = preSolution
		{0007F956-5059-4D7B-A0BC-3ABBDAAEAE87} = {C0C3884F-F1BD-407C-8667-FDD6EBDF0439}
		{E2725A03-2809-481E-AD2D-EB889F4E95E7} = {B98D882B-FC52-4A67-A4D1-A742F5F041C2}
		{51EB0485-4A48-4A04-96EE-D4133F632FF4} = {90F9DF99-AE1D-4D41-982E-0A6E0ADFCEEA}
	EndGlobalSection
	GlobalSection(ExtensibilityGlobals) = postSolution
		SolutionGuid = {168E2B34-D614-4719-A8C2-8B20110A7029}
	EndGlobalSection
EndGlobal
